{
  "requires": true,
  "lockfileVersion": 1,
  "dependencies": {
    "jquery-simple-timer": {
      "version": "1.0.1",
      "resolved": "https://registry.npmjs.org/jquery-simple-timer/-/jquery-simple-timer-1.0.1.tgz",
      "integrity": "sha512-5GXwG46E/95Z/2PVO0RL0xE3f0uzhHOcXTT72ZRQUJBeoA6AXBNkR5so9gul+88IsP4EbyNBoLcOYVyBdqZsTw==",
      "requires": {
        "jquery": "~>1.12.4"
      },
      "dependencies": {
        "jquery": {
          "version": "1.12.4",
          "resolved": "https://registry.npmjs.org/jquery/-/jquery-1.12.4.tgz",
          "integrity": "sha1-AeHfuikP5z3rp3zurLD5ui/sngw="
        }
      }
    }
  }
}
